<?xml version="1.0" encoding="UTF-8" standalone="yes" ?>
<CodeBlocks_project_file>
	<FileVersion major="1" minor="6" />
	<Project>
		<Option title="Hook" />
		<Option pch_mode="2" />
		<Option compiler="gcc" />
		<Build>
			<Target title="Release_GCC">
				<Option output="bin/release/winsplithook.dll" prefix_auto="0" extension_auto="0" />
				<Option object_output="hook_src/release/obj/" />
				<Option type="3" />
				<Option compiler="gcc" />
				<Option host_application="bin/WinSplit.exe" />
				<Option run_host_application_in_terminal="0" />
				<Option createStaticLib="1" />
				<Compiler>
					<Add option="-O2" />
					<Add option="-Wfatal-errors" />
				</Compiler>
				<Linker>
					<Add option="-s" />
				</Linker>
			</Target>
			<Target title="Debug_GCC">
				<Option output="bin/debug/winsplithook.dll" prefix_auto="0" extension_auto="0" />
				<Option object_output="hook_src/debug/obj/" />
				<Option type="3" />
				<Option compiler="gcc" />
				<Option host_application="bin/WinSplit.exe" />
				<Option run_host_application_in_terminal="0" />
				<Option createStaticLib="1" />
				<Compiler>
					<Add option="-Wfatal-errors" />
					<Add option="-g" />
				</Compiler>
			</Target>
		</Build>
		<Compiler>
			<Add option="-DBUILD_DLL" />
			<Add option="-DUNICODE" />
		</Compiler>
		<Linker>
			<Add library="user32" />
		</Linker>
		<Unit filename="hook_src/main.cpp" />
		<Unit filename="hook_src/ressource.rc">
			<Option compilerVar="WINDRES" />
		</Unit>
		<Extensions>
			<code_completion />
			<envvars />
			<debugger />
			<lib_finder disable_auto="1" />
			<editor_config active="1" use_tabs="1" tab_indents="1" tab_width="4" indent="4" eol_mode="0" />
		</Extensions>
	</Project>
</CodeBlocks_project_file>
